# This lock file was generated by conda-lock (https://github.com/conda-incubator/conda-lock). DO NOT EDIT!
#
# A "lock file" contains a concrete list of package versions (with checksums) to be installed. Unlike
# e.g. `conda env create`, the resulting environment will not change as new package versions become
# available, unless you explicitly update the lock file.
#
# Install this environment as "YOURENV" with:
#     conda-lock install -n YOURENV --file conda-lock.yml
# To update a single package to the latest version compatible with the version constraints in the source:
#     conda-lock lock  --lockfile conda-lock.yml --update PACKAGE
# To re-solve the entire environment, e.g. after changing a version constraint in the source file:
#     conda-lock -f /home/stephenhuan/programs/research/cholesky/conditional-knn/environment.yml --lockfile conda-lock.yml
metadata:
  channels:
  - url: intel
    used_env_vars: []
  - url: conda-forge
    used_env_vars: []
  - url: defaults
    used_env_vars: []
  content_hash:
    linux-64: 7a6c15f9f779db361122496756078709201bae0d46e9fbd5f5f054edcc487ac6
  platforms:
  - linux-64
  sources:
  - /home/stephenhuan/programs/research/cholesky/conditional-knn/environment.yml
package:
- category: main
  dependencies: {}
  hash:
    md5: d7c89558ba9fa0495403155b64376d81
    sha256: fe51de6107f9edc7aa4f786a70f4a883943bc9d39b3bb7307c04c41410990726
  manager: conda
  name: _libgcc_mutex
  optional: false
  platform: linux-64
  url: https://conda.anaconda.org/conda-forge/linux-64/_libgcc_mutex-0.1-conda_forge.tar.bz2
  version: '0.1'
- category: main
  dependencies: {}
  hash:
    md5: 5cc97953b9c0731a4e4624761f93b255
  manager: conda
  name: ca-certificates
  optional: false
  platform: linux-64
  url: https://conda.anaconda.org/intel/linux-64/ca-certificates-2023.01.10-h06a4308_0.tar.bz2
  version: 2023.01.10
- category: main
  dependencies: {}
  hash:
    md5: cbcd808fe6cf3282effe3b99c761700e
    sha256: 024e0d7fbbc1f1e3daa8c24257c3f4f8b0c861f64157ef816f93c576d1ec16a3
  manager: conda
  name: impi_rt
  optional: false
  platform: linux-64
  url: https://conda.anaconda.org/intel/linux-64/impi_rt-2021.9.0-intel_43482.tar.bz2
  version: 2021.9.0
- category: main
  dependencies: {}
  hash:
    md5: 23ba0b9d0eab6a763e77cdf3dc9256f8
    sha256: cca4f6456c9e5784caed6c29e07fc1f3f69ecc7e91b384cac57babe543158044
  manager: conda
  name: intel-cmplr-lib-rt
  optional: false
  platform: linux-64
  url: https://conda.anaconda.org/intel/linux-64/intel-cmplr-lib-rt-2023.1.0-intel_46305.tar.bz2
  version: 2023.1.0
- category: main
  dependencies: {}
  hash:
    md5: d8b26c59fbaf9ea93263b957049dc27f
    sha256: e67c780ded555b3ece8d607a3c97a479bd4ec9afbd6642a12ac3d3fec3de6971
  manager: conda
  name: intel-cmplr-lic-rt
  optional: false
  platform: linux-64
  url: https://conda.anaconda.org/intel/linux-64/intel-cmplr-lic-rt-2023.1.0-intel_46305.tar.bz2
  version: 2023.1.0
- category: main
  dependencies: {}
  hash:
    md5: 6f5409e44985039218369e4386b0cead
    sha256: 5b56c0d16860d678d082f38c7349e52d00969ea1ca788027880529c3c03a2b68
  manager: conda
  name: intel-openmp
  optional: false
  platform: linux-64
  url: https://conda.anaconda.org/intel/linux-64/intel-openmp-2023.1.0-intel_46305.tar.bz2
  version: 2023.1.0
- category: main
  dependencies: {}
  hash:
    md5: 0941a48ae4b16447d62e5d2bc8806a34
  manager: conda
  name: intelpython
  optional: false
  platform: linux-64
  url: https://conda.anaconda.org/intel/linux-64/intelpython-2023.1.0-1.tar.bz2
  version: 2023.1.0
- category: main
  dependencies: {}
  hash:
    md5: 0202c3c8ae4735cac6c7f3d1e1685964
  manager: conda
  name: libgfortran5
  optional: false
  platform: linux-64
  url: https://conda.anaconda.org/intel/linux-64/libgfortran5-11.2.0-h1234567_1.tar.bz2
  version: 11.2.0
- category: main
  dependencies: {}
  hash:
    md5: 8c195584a5f5471b600ee180e4052773
    sha256: 112ea187f09c690a87d419450d64f49d6cb3163206fcba38d2fdd8f2c7b5388e
  manager: conda
  name: libstdcxx-ng
  optional: false
  platform: linux-64
  url: https://conda.anaconda.org/intel/linux-64/libstdcxx-ng-11.2.0-h1234567_1.tar.bz2
  version: 11.2.0
- category: main
  dependencies: {}
  hash:
    md5: 5bddba4f2a528675e25777bc030c0c47
    sha256: b24d12a8e18ba23de5c659a33fb184a7ac6019d4b159e78f628d7c8de225f77a
  manager: conda
  name: mkl-include
  optional: false
  platform: linux-64
  url: https://conda.anaconda.org/intel/linux-64/mkl-include-2023.1.0-intel_46342.tar.bz2
  version: 2023.1.0
- category: main
  dependencies: {}
  hash:
    md5: 89264ddba985934ee24620f9fd666c46
    sha256: f380b77a7bdeaa70feb080ece0b24ab65113a13e689ab0d1c228664d6036a62d
  manager: conda
  name: tbb
  optional: false
  platform: linux-64
  url: https://conda.anaconda.org/intel/linux-64/tbb-2021.9.0-intel_43484.tar.bz2
  version: 2021.9.0
- category: main
  dependencies:
    impi_rt: 2021.*
    intel-cmplr-lib-rt: 2023.1.0 intel_46305
    intel-cmplr-lic-rt: 2023.1.0 intel_46305
    intel-openmp: 2023.1.0 intel_46305
  hash:
    md5: 377505cfa5833a76b757428b458671de
    sha256: 6bd1f5e0a7985e916f217e03ec6474174b4059ba6783bc68a68510dcf757b901
  manager: conda
  name: intel-fortran-rt
  optional: false
  platform: linux-64
  url: https://conda.anaconda.org/intel/linux-64/intel-fortran-rt-2023.1.0-intel_46305.tar.bz2
  version: 2023.1.0
- category: main
  dependencies:
    intel-cmplr-lic-rt: 2023.*
    tbb: 2021.*
  hash:
    md5: f33519884f62c572ac27b10c22d085a4
    sha256: 29db87483e6222e9516afdd5a3ee89ac86043dc517c6cc21dc73535b493f5dde
  manager: conda
  name: intel-opencl-rt
  optional: false
  platform: linux-64
  url: https://conda.anaconda.org/intel/linux-64/intel-opencl-rt-2023.1.0-intel_46305.tar.bz2
  version: 2023.1.0
- category: main
  dependencies:
    intelpython: '>=2019.0'
  hash:
    md5: c27248c60e65a845940f47da61e225c0
  manager: conda
  name: libffi
  optional: false
  platform: linux-64
  url: https://conda.anaconda.org/intel/linux-64/libffi-3.3-14.tar.bz2
  version: '3.3'
- category: main
  dependencies:
    libgfortran5: 11.2.0.*
  hash:
    md5: 27082517590f3b9fbffecc68513b461b
  manager: conda
  name: libgfortran-ng
  optional: false
  platform: linux-64
  url: https://conda.anaconda.org/intel/linux-64/libgfortran-ng-11.2.0-h00389a5_1.tar.bz2
  version: 11.2.0
- category: main
  dependencies:
    _libgcc_mutex: 0.1 conda_forge
  hash:
    md5: cedcee7c064c01c403f962c9e8d3c373
    sha256: 81a76d20cfdee9fe0728b93ef057ba93494fd1450d42bc3717af4e468235661e
  manager: conda
  name: libgomp
  optional: false
  platform: linux-64
  url: https://conda.anaconda.org/conda-forge/linux-64/libgomp-12.2.0-h65d4601_19.tar.bz2
  version: 12.2.0
- category: main
  dependencies:
    intel-openmp: 2023.*
    tbb: 2021.*
  hash:
    md5: 568aaf8d191d9e9343d67e070e2195a2
    sha256: 3820a9053b1c028b3d9f62448f7d0d53a57ca6d6d38c2279faec8663f27d0a5c
  manager: conda
  name: mkl
  optional: false
  platform: linux-64
  url: https://conda.anaconda.org/intel/linux-64/mkl-2023.1.0-intel_46342.tar.bz2
  version: 2023.1.0
- category: main
  dependencies:
    _libgcc_mutex: 0.1 conda_forge
    libgomp: '>=7.5.0'
  hash:
    md5: 73aaf86a425cc6e73fcf236a5a46396d
    sha256: fbe2c5e56a653bebb982eda4876a9178aedfc2b545f25d0ce9c4c0b508253d22
  manager: conda
  name: _openmp_mutex
  optional: false
  platform: linux-64
  url: https://conda.anaconda.org/conda-forge/linux-64/_openmp_mutex-4.5-2_gnu.tar.bz2
  version: '4.5'
- category: main
  dependencies:
    intel-fortran-rt: '>=2021.3.0'
  hash:
    md5: ebf9843b08c937486aa9dc00d9f83d7d
    sha256: e61ee90bb110503ace4fb8100ffed2de9baf2e0d11b08c7158e7edea69415705
  manager: conda
  name: fortran_rt
  optional: false
  platform: linux-64
  url: https://conda.anaconda.org/intel/linux-64/fortran_rt-2023.1.0-intel_46305.tar.bz2
  version: 2023.1.0
- category: main
  dependencies:
    mkl: 2023.1.0 intel_46342
    mkl-include: 2023.1.0 intel_46342
  hash:
    md5: 3a8f9d5f9a91f01057c3118cbe75f395
    sha256: 823830abb452aaf52672508b6327798f08db4b5876e7d5b35f53a7c1cf8202f0
  manager: conda
  name: mkl-devel
  optional: false
  platform: linux-64
  url: https://conda.anaconda.org/intel/linux-64/mkl-devel-2023.1.0-intel_46342.tar.bz2
  version: 2023.1.0
- category: main
  dependencies:
    _libgcc_mutex: 0.1 conda_forge
    _openmp_mutex: '>=4.5'
  hash:
    md5: e4c94f80aef025c17ab0828cd85ef535
    sha256: f3899c26824cee023f1e360bd0859b0e149e2b3e8b1668bc6dd04bfc70dcd659
  manager: conda
  name: libgcc-ng
  optional: false
  platform: linux-64
  url: https://conda.anaconda.org/conda-forge/linux-64/libgcc-ng-12.2.0-h65d4601_19.tar.bz2
  version: 12.2.0
- category: main
  dependencies:
    libgcc-ng: '>=9.3.0'
    libstdcxx-ng: '>=9.3.0'
  hash:
    md5: 4ffa783fc8a6390c21727ddbff4bc537
  manager: conda
  name: brotli
  optional: false
  platform: linux-64
  url: https://conda.anaconda.org/intel/linux-64/brotli-1.0.9-hf484d3e_2.tar.bz2
  version: 1.0.9
- category: main
  dependencies:
    intelpython: '>=2019.0'
    libgcc-ng: '>=9.3.0'
  hash:
    md5: dbdc951bc10e3562bf0c86d01ef7d763
  manager: conda
  name: bzip2
  optional: false
  platform: linux-64
  url: https://conda.anaconda.org/intel/linux-64/bzip2-1.0.8-hb9a14ef_9.tar.bz2
  version: 1.0.8
- category: main
  dependencies:
    libgcc-ng: '>=7.3.0'
    libstdcxx-ng: '>=7.3.0'
  hash:
    md5: 3749214646d41293022b45ce51386141
    sha256: 63cd43ba3c5cdfbf3a625cdc8b3e130b1bcb109f307d5e48242d4517ab07c2a1
  manager: conda
  name: icu
  optional: false
  platform: linux-64
  url: https://conda.anaconda.org/conda-forge/linux-64/icu-58.2-hf484d3e_1000.tar.bz2
  version: '58.2'
- category: main
  dependencies:
    libgcc-ng: '>=7.5.0'
  hash:
    md5: c321f46855f41ec28ea73f923f34fb43
  manager: conda
  name: jpeg
  optional: false
  platform: linux-64
  url: https://conda.anaconda.org/intel/linux-64/jpeg-9e-h7f8727e_1.tar.bz2
  version: 9e
- category: main
  dependencies:
    libgcc-ng: '>=7.5.0'
    libstdcxx-ng: '>=7.5.0'
  hash:
    md5: 88199c75f2ac211728febced7785c24e
  manager: conda
  name: lerc
  optional: false
  platform: linux-64
  url: https://conda.anaconda.org/intel/linux-64/lerc-3.0-h295c915_0.tar.bz2
  version: '3.0'
- category: main
  dependencies:
    libgcc-ng: '>=7.5.0'
  hash:
    md5: 88cd43eece362464d4842f1b2f92a1de
  manager: conda
  name: libdeflate
  optional: false
  platform: linux-64
  url: https://conda.anaconda.org/intel/linux-64/libdeflate-1.8-h7f8727e_5.tar.bz2
  version: '1.8'
- category: main
  dependencies:
    libgcc-ng: '>=12'
  hash:
    md5: 6305a3dd2752c76335295da4e581f2fd
    sha256: 74c98a563777ae2ad71f1f74d458a8ab043cee4a513467c159ccf159d0e461f3
  manager: conda
  name: libexpat
  optional: false
  platform: linux-64
  url: https://conda.anaconda.org/conda-forge/linux-64/libexpat-2.5.0-hcb278e6_1.conda
  version: 2.5.0
- category: main
  dependencies:
    libgcc-ng: '>=11.2.0'
  hash:
    md5: 4a6a2354414c9080327274aa514e5299
    sha256: 2a401aafabac51b7736cfe12d2ab205d29052640ea8183253c9d0a8e7ed0d49a
  manager: conda
  name: libuuid
  optional: false
  platform: linux-64
  url: https://repo.anaconda.com/pkgs/main/linux-64/libuuid-1.41.5-h5eee18b_0.conda
  version: 1.41.5
- category: main
  dependencies:
    libgcc-ng: '>=9.3.0'
  hash:
    md5: e2db23888377a3ee41c42a4a09756451
  manager: conda
  name: libwebp-base
  optional: false
  platform: linux-64
  url: https://conda.anaconda.org/intel/linux-64/libwebp-base-1.2.0-h7f98852_3.tar.bz2
  version: 1.2.0
- category: main
  dependencies:
    libgcc-ng: '>=7.5.0'
  hash:
    md5: ada518dcadd6aaee9aae47ba9a671553
    sha256: 9feb197125e4803d702cfdf10116c856e381b59f845b3346f50cb10e9bb8c643
  manager: conda
  name: libxcb
  optional: false
  platform: linux-64
  url: https://repo.anaconda.com/pkgs/main/linux-64/libxcb-1.15-h7f8727e_0.conda
  version: '1.15'
- category: main
  dependencies:
    libgcc-ng: '>=12'
  hash:
    md5: f3f9de449d32ca9b9c66a22863c96f41
    sha256: 22f3663bcf294d349327e60e464a51cd59664a71b8ed70c28a9f512d10bc77dd
  manager: conda
  name: libzlib
  optional: false
  platform: linux-64
  url: https://conda.anaconda.org/conda-forge/linux-64/libzlib-1.2.13-h166bdaf_4.tar.bz2
  version: 1.2.13
- category: main
  dependencies:
    libgcc-ng: '>=11.2.0'
    libstdcxx-ng: '>=11.2.0'
  hash:
    md5: f24adbfdfe16b0bac0d14640bb5ce616
  manager: conda
  name: lz4-c
  optional: false
  platform: linux-64
  url: https://conda.anaconda.org/intel/linux-64/lz4-c-1.9.4-h6a678d5_0.tar.bz2
  version: 1.9.4
- category: main
  dependencies:
    libgcc-ng: '>=11.2.0'
  hash:
    md5: 57ea097dc15f8d9f9eb90e1d919143b0
  manager: conda
  name: ncurses
  optional: false
  platform: linux-64
  url: https://conda.anaconda.org/intel/linux-64/ncurses-6.4-h6a678d5_0.tar.bz2
  version: '6.4'
- category: main
  dependencies:
    libgcc-ng: '>=7.5.0'
    libstdcxx-ng: '>=7.5.0'
  hash:
    md5: 78454e8819eb6701abc74b2ab2889f21
    sha256: b72b03f5036498d7ee592d4eb74c0bdbed1b97d149edc7f49e646237efec8874
  manager: conda
  name: nspr
  optional: false
  platform: linux-64
  url: https://repo.anaconda.com/pkgs/main/linux-64/nspr-4.33-h295c915_0.conda
  version: '4.33'
- category: main
  dependencies:
    ca-certificates: ''
    libgcc-ng: '>=7.5.0'
  hash:
    md5: 7a71a3732182a38f5685e63733584a67
  manager: conda
  name: openssl
  optional: false
  platform: linux-64
  url: https://conda.anaconda.org/intel/linux-64/openssl-1.1.1t-h7f8727e_0.tar.bz2
  version: 1.1.1t
- category: main
  dependencies:
    libgcc-ng: '>=9.3.0'
    libstdcxx-ng: '>=9.3.0'
  hash:
    md5: c05d1820a6d34ff07aaaab7a9b7eddaa
    sha256: 8f35c244b1631a4f31fb1d66ab6e1d9bfac0ca9b679deced1112c7225b3ad138
  manager: conda
  name: pcre
  optional: false
  platform: linux-64
  url: https://conda.anaconda.org/conda-forge/linux-64/pcre-8.45-h9c3ff4c_0.tar.bz2
  version: '8.45'
- category: main
  dependencies:
    libgcc-ng: '>=11.2.0'
  hash:
    md5: b9d28643ae483f9869844045bec092cb
  manager: conda
  name: xz
  optional: false
  platform: linux-64
  url: https://conda.anaconda.org/intel/linux-64/xz-5.2.8-h5eee18b_0.tar.bz2
  version: 5.2.8
- category: main
  dependencies:
    libgcc-ng: '>=11.2.0'
  hash:
    md5: 4f315d7551f4bbeb06b6fc28342a9aa5
  manager: conda
  name: zlib
  optional: false
  platform: linux-64
  url: https://conda.anaconda.org/intel/linux-64/zlib-1.2.13-h5eee18b_0.tar.bz2
  version: 1.2.13
- category: main
  dependencies:
    libexpat: 2.5.0 hcb278e6_1
    libgcc-ng: '>=12'
  hash:
    md5: 8b9b5aca60558d02ddaa09d599e55920
    sha256: 36dfeb4375059b3bba75ce9b38c29c69fd257342a79e6cf20e9f25c1523f785f
  manager: conda
  name: expat
  optional: false
  platform: linux-64
  url: https://conda.anaconda.org/conda-forge/linux-64/expat-2.5.0-hcb278e6_1.conda
  version: 2.5.0
- category: main
  dependencies:
    libffi: '>=3.3,<3.4.0a0'
    libgcc-ng: '>=7.5.0'
    libstdcxx-ng: '>=7.5.0'
    pcre: '>=8.45,<9.0a0'
    zlib: '>=1.2.11,<1.3.0a0'
  hash:
    md5: 4c3eae7c0b8b1c8fb3046a0740313bbf
    sha256: ff780e0972134a6395d7e17cd74094a275c11d67538a99fc0cac31b8e09f266b
  manager: conda
  name: glib
  optional: false
  platform: linux-64
  url: https://repo.anaconda.com/pkgs/main/linux-64/glib-2.69.1-h4ff587b_1.conda
  version: 2.69.1
- category: main
  dependencies:
    libgcc-ng: '>=11.2.0'
    ncurses: '>=6.3,<7.0a0'
  hash:
    md5: 7c724a17739aceaf9d1633ff06962137
    sha256: a173782157a51369f2a6dbdaaad3dfbc78d1ad4b76a5648fe55bca9acc7f0205
  manager: conda
  name: libedit
  optional: false
  platform: linux-64
  url: https://repo.anaconda.com/pkgs/main/linux-64/libedit-3.1.20221030-h5eee18b_0.conda
  version: 3.1.20221030
- category: main
  dependencies:
    libgcc-ng: '>=7.5.0'
    openssl: '>=1.1.1m,<1.1.2a'
  hash:
    md5: 2e3534102d10ade546c0feb056bbffbe
  manager: conda
  name: libevent
  optional: false
  platform: linux-64
  url: https://conda.anaconda.org/intel/linux-64/libevent-2.1.12-h8f2d780_0.tar.bz2
  version: 2.1.12
- category: main
  dependencies:
    libgcc-ng: '>=7.3.0'
    libstdcxx-ng: '>=7.3.0'
    zlib: '>=1.2.11,<1.3.0a0'
  hash:
    md5: 018341009ad2153562af92ebf6f7752a
  manager: conda
  name: libllvm10
  optional: false
  platform: linux-64
  url: https://conda.anaconda.org/intel/linux-64/libllvm10-10.0.1-hbcb73fb_5.tar.bz2
  version: 10.0.1
- category: main
  dependencies:
    libffi: '>=3.3,<3.4.0a0'
    libgcc-ng: '>=11.2.0'
    libstdcxx-ng: '>=11.2.0'
    zlib: '>=1.2.12,<1.3.0a0'
  hash:
    md5: eab45b5bf36854d507b3cbf96285a0a7
    sha256: 0e04c96d36184ebec57ec24a5a8c63ecdadf26f6c1ccce054e86a6d63ebe53ff
  manager: conda
  name: libllvm14
  optional: false
  platform: linux-64
  url: https://repo.anaconda.com/pkgs/main/linux-64/libllvm14-14.0.6-hef93074_0.conda
  version: 14.0.6
- category: main
  dependencies:
    libgcc-ng: '>=11.2.0'
    zlib: '>=1.2.13,<1.3.0a0'
  hash:
    md5: 1bffe1481ed4f88827248fb9001f8923
  manager: conda
  name: libpng
  optional: false
  platform: linux-64
  url: https://conda.anaconda.org/intel/linux-64/libpng-1.6.39-h5eee18b_0.tar.bz2
  version: 1.6.39
- category: main
  dependencies:
    libgcc-ng: '>=12'
    libzlib: '>=1.2.13,<1.3.0a0'
  hash:
    md5: 2e5f9a37d487e1019fd4d8113adb2f9f
    sha256: 6008a0b914bd1a3510a3dba38eada93aa0349ebca3a21e5fa276833c8205bf49
  manager: conda
  name: libsqlite
  optional: false
  platform: linux-64
  url: https://conda.anaconda.org/conda-forge/linux-64/libsqlite-3.40.0-h753d276_0.tar.bz2
  version: 3.40.0
- category: main
  dependencies:
    intelpython: '>=2019.0'
    libgcc-ng: '>=11.2.0'
    xz: '>=5.2.8,<6.0a0'
    zlib: '>=1.2.13,<1.3.0a0'
  hash:
    md5: 22529583a34cf0c09c6787f3a5b73c00
  manager: conda
  name: libxml2
  optional: false
  platform: linux-64
  url: https://conda.anaconda.org/intel/linux-64/libxml2-2.10.3-h6b0140f_0.tar.bz2
  version: 2.10.3
- category: main
  dependencies:
    libgcc-ng: '>=11.2.0'
    ncurses: '>=6.3,<7.0a0'
  hash:
    md5: 960bf00d81e7bbdeff2c7d01ed78eaeb
  manager: conda
  name: readline
  optional: false
  platform: linux-64
  url: https://conda.anaconda.org/intel/linux-64/readline-8.2-h5eee18b_0.tar.bz2
  version: '8.2'
- category: main
  dependencies:
    libgcc-ng: '>=7.5.0'
    zlib: '>=1.2.12,<1.3.0a0'
  hash:
    md5: 5b8375e2092012db69d2123dc0c68630
    sha256: 4a822e705b349b3ba698cc1845397977aa17a0b853e9ea63d1b228e3fc60ba9b
  manager: conda
  name: tk
  optional: false
  platform: linux-64
  url: https://conda.anaconda.org/intel/linux-64/tk-8.6.12-h1ccaba5_0.tar.bz2
  version: 8.6.12
- category: main
  dependencies:
    libgcc-ng: '>=7.5.0'
    libstdcxx-ng: '>=7.5.0'
    lz4-c: '>=1.9.3,<1.10.0a0'
    xz: '>=5.2.5,<6.0a0'
    zlib: '>=1.2.12,<1.3.0a0'
  hash:
    md5: 0593c1c895ef0a575b3d0e54e96c9796
  manager: conda
  name: zstd
  optional: false
  platform: linux-64
  url: https://conda.anaconda.org/intel/linux-64/zstd-1.5.2-ha4553b6_2.tar.bz2
  version: 1.5.2
- category: main
  dependencies:
    expat: '>=2.2.10,<3.0a0'
    glib: ''
    libgcc-ng: '>=7.3.0'
  hash:
    md5: 6a6a6f1391f807847404344489ef6cf4
    sha256: 33cffa33d77d6bfa4e157322e188d82deb904efe1bc867d1ee08fcee9275b8ab
  manager: conda
  name: dbus
  optional: false
  platform: linux-64
  url: https://repo.anaconda.com/pkgs/main/linux-64/dbus-1.13.18-hb2f20db_0.conda
  version: 1.13.18
- category: main
  dependencies:
    intelpython: '>=2019.0'
    libgcc-ng: '>=11.2.0'
    libpng: '>=1.6.37,<1.7.0a0'
    zlib: '>=1.2.13,<1.3.0a0'
  hash:
    md5: ad0b4014b3f2408e7cd4f96d525de7dc
  manager: conda
  name: freetype
  optional: false
  platform: linux-64
  url: https://conda.anaconda.org/intel/linux-64/freetype-2.12.1-hb267b13_2.tar.bz2
  version: 2.12.1
- category: main
  dependencies:
    glib: '>=2.69.1,<3.0a0'
    libgcc-ng: '>=11.2.0'
  hash:
    md5: f2f26e6f869b5d87f41bd059fae47c3e
    sha256: dfd5bd5d2dfdc796e42b1b79bde009eb4727da5a7aa2a027f20ba8b52daa60e0
  manager: conda
  name: gstreamer
  optional: false
  platform: linux-64
  url: https://repo.anaconda.com/pkgs/main/linux-64/gstreamer-1.14.1-h5eee18b_1.conda
  version: 1.14.1
- category: main
  dependencies:
    libedit: '>=3.1.20221030,<4.0a0'
    libgcc-ng: '>=11.2.0'
    openssl: '>=1.1.1s,<1.1.2a'
  hash:
    md5: 649816c5e24c76bd06e74a0eb671a82e
    sha256: edaab210b6679d2874bad7cfda7edd164ddcc0346539cf4676f2457ff68898a9
  manager: conda
  name: krb5
  optional: false
  platform: linux-64
  url: https://repo.anaconda.com/pkgs/main/linux-64/krb5-1.19.4-h568e23c_0.conda
  version: 1.19.4
- category: main
  dependencies:
    libgcc-ng: '>=11.2.0'
    libllvm14: '>=14.0.6,<14.1.0a0'
    libstdcxx-ng: '>=11.2.0'
    zlib: '>=1.2.13,<1.3.0a0'
  hash:
    md5: 44890feda1cf51639d9c94afbacce011
    sha256: 32c850027ff05d3981a5c1d28e93ee40b497bf7616268523528515fe992f97b8
  manager: conda
  name: libclang13
  optional: false
  platform: linux-64
  url: https://repo.anaconda.com/pkgs/main/linux-64/libclang13-14.0.6-default_he11475f_1.conda
  version: 14.0.6
- category: main
  dependencies:
    jpeg: '>=9e,<10a'
    lerc: '>=3.0,<4.0a0'
    libdeflate: '>=1.8,<1.9.0a0'
    libgcc-ng: '>=11.2.0'
    libstdcxx-ng: '>=11.2.0'
    libwebp-base: ''
    xz: '>=5.2.5,<6.0a0'
    zlib: '>=1.2.12,<1.3.0a0'
    zstd: '>=1.5.2,<1.6.0a0'
  hash:
    md5: 08bce00dc53120e006dac33e59f197ee
  manager: conda
  name: libtiff
  optional: false
  platform: linux-64
  url: https://conda.anaconda.org/intel/linux-64/libtiff-4.4.0-hecacb30_0.tar.bz2
  version: 4.4.0
- category: main
  dependencies:
    libgcc-ng: '>=7.5.0'
    libstdcxx-ng: '>=7.5.0'
    libxml2: '>=2.9.10,<2.11.0a0'
  hash:
    md5: f9dbabc7e01c459ed7a1d1d64b206e9b
    sha256: 64d37e16c694714ca08a96f9864a35ba9ee38b8e222f8ee646e10976250d966d
  manager: conda
  name: libxkbcommon
  optional: false
  platform: linux-64
  url: https://conda.anaconda.org/conda-forge/linux-64/libxkbcommon-1.0.3-he3ba5ed_0.tar.bz2
  version: 1.0.3
- category: main
  dependencies:
    icu: '>=58.2,<59.0a0'
    libgcc-ng: '>=7.5.0'
    libxml2: '>=2.9.14,<2.10.0a0'
  hash:
    md5: 328c111d87dccd5a3e471a691833f670
    sha256: 34fea43799502927463bb7938721b7b62402b9be140726dcb1794747cab72c8b
  manager: conda
  name: libxslt
  optional: false
  platform: linux-64
  url: https://repo.anaconda.com/pkgs/main/linux-64/libxslt-1.1.35-h4e12654_0.conda
  version: 1.1.35
- category: main
  dependencies:
    libzlib: '>=1.2.13,<1.3.0a0'
    zstd: '>=1.5.2,<1.6.0a0'
  hash:
    md5: 1682af0f7774144358029203edcd04f3
    sha256: 152abfcdbdac7202c487bdfa2ca4f15f92e72c1f995c238d16b9e3f2c2bf875a
  manager: conda
  name: llvm-openmp
  optional: false
  platform: linux-64
  url: https://conda.anaconda.org/conda-forge/linux-64/llvm-openmp-16.0.1-h417c0b6_0.conda
  version: 16.0.1
- category: main
  dependencies:
    libgcc-ng: '>=11.2.0'
    ncurses: '>=6.4,<7.0a0'
    readline: '>=8.0,<9.0a0'
    zlib: '>=1.2.13,<2.0a0'
  hash:
    md5: 3517a8025e55aa6dfb4c8fbea03b8cbc
  manager: conda
  name: sqlite
  optional: false
  platform: linux-64
  url: https://conda.anaconda.org/intel/linux-64/sqlite-3.41.1-h5eee18b_0.tar.bz2
  version: 3.41.1
- category: main
  dependencies:
    expat: '>=2.4.9,<3.0a0'
    freetype: '>=2.10.4,<3.0a0'
    libgcc-ng: '>=11.2.0'
    libuuid: '>=1.41.5,<2.0a0'
    libxml2: '>=2.10.3,<2.11.0a0'
    zlib: '>=1.2.13,<1.3.0a0'
  hash:
    md5: f0b472f5b544f8d57beb09ed4a2932e1
    sha256: 25ebd0146f136dcbb923d45f184366bae0ffc06c3d55dd6ade2cb6ba9c3af000
  manager: conda
  name: fontconfig
  optional: false
  platform: linux-64
  url: https://repo.anaconda.com/pkgs/main/linux-64/fontconfig-2.14.1-h4c34cd2_2.conda
  version: 2.14.1
- category: main
  dependencies:
    glib: '>=2.69.1,<3.0a0'
    gstreamer: '>=1.14.1,<2.0a0'
    libgcc-ng: '>=11.2.0'
    libstdcxx-ng: '>=11.2.0'
    libxcb: '>=1.14,<2.0a0'
    zlib: '>=1.2.11,<1.3.0a0'
  hash:
    md5: afd9cbe949d670d24cc0a007aaec1fe1
    sha256: e81dae03d17db2d5dbf9eb822fb15efe8dc0c5d768b499668a499114073369d8
  manager: conda
  name: gst-plugins-base
  optional: false
  platform: linux-64
  url: https://repo.anaconda.com/pkgs/main/linux-64/gst-plugins-base-1.14.1-h6a678d5_1.conda
  version: 1.14.1
- category: main
  dependencies:
    jpeg: '>=9b,<10a'
    libgcc-ng: '>=7.3.0'
    libtiff: '>=4.1.0,<5.0a0'
  hash:
    md5: 0e283cce0487d615a8c16b76f4a2662f
  manager: conda
  name: lcms2
  optional: false
  platform: linux-64
  url: https://conda.anaconda.org/intel/linux-64/lcms2-2.12-h3be6417_1.tar.bz2
  version: '2.12'
- category: main
  dependencies:
    libclang13: 14.0.6 default_he11475f_1
    libgcc-ng: '>=11.2.0'
    libllvm14: '>=14.0.6,<14.1.0a0'
    libstdcxx-ng: '>=11.2.0'
    zlib: '>=1.2.13,<1.3.0a0'
  hash:
    md5: 8f12583c4027b2861cff470f6b8837c4
    sha256: b0c313c723da06f405e7d053c7064f9403614a7fed6987b25ceeef976166dc03
  manager: conda
  name: libclang
  optional: false
  platform: linux-64
  url: https://repo.anaconda.com/pkgs/main/linux-64/libclang-14.0.6-default_hc6dbbc7_1.conda
  version: 14.0.6
- category: main
  dependencies:
    krb5: '>=1.19.2,<1.20.0a0'
    libgcc-ng: '>=11.2.0'
    openssl: '>=1.1.1o,<1.1.2a'
    readline: '>=8.0,<9.0a0'
    zlib: '>=1.2.12,<1.3.0a0'
  hash:
    md5: 0f127be216a734916faf456bb21404e9
    sha256: 9e8428627ca532bc93dff919510b2972ba023a53ca4991d109b923e43e44c0ac
  manager: conda
  name: libpq
  optional: false
  platform: linux-64
  url: https://repo.anaconda.com/pkgs/main/linux-64/libpq-12.9-h16c4e8d_3.conda
  version: '12.9'
- category: main
  dependencies:
    jpeg: '>=9b,<10a'
    libgcc-ng: '>=7.3.0'
    libpng: '>=1.6.37,<1.7.0a0'
    libtiff: '>=4.1.0,<5.0a0'
  hash:
    md5: a8c4e60d0361eb0edf195760a223d180
  manager: conda
  name: libwebp
  optional: false
  platform: linux-64
  url: https://conda.anaconda.org/intel/linux-64/libwebp-1.2.0-h89dd481nogiflib_1.tar.bz2
  version: 1.2.0
- category: main
  dependencies:
    libgcc-ng: '>=7.5.0'
    libstdcxx-ng: '>=7.5.0'
    nspr: '>=4.33,<5.0a0'
    sqlite: '>=3.37.0,<4.0a0'
  hash:
    md5: fb2426b2f3cb17c9015fcbdf917a2f7b
    sha256: b91e6cd8f73b9f5395a09cf8b3548ea9c56849327b6c51a250bc30f3ae526ad3
  manager: conda
  name: nss
  optional: false
  platform: linux-64
  url: https://repo.anaconda.com/pkgs/main/linux-64/nss-3.74-h0370c37_0.conda
  version: '3.74'
- category: main
  dependencies:
    bzip2: '>=1.0.8,<2.0a0'
    libffi: '>=3.3,<3.4.0a0'
    libgcc-ng: '>=11.2.0'
    libstdcxx-ng: '>=11.2.0'
    openssl: '>=1.1.1t,<1.1.2a'
    pip: ''
    sqlite: '>=3.41.1,<4.0a0'
    tk: '>=8.6.12,<8.7.0a0'
    xz: '>=5.2.8,<6.0a0'
    zlib: '>=1.2.13,<1.3.0a0'
  hash:
    md5: b5a0e4b0efb0fd59b25869356bafbbcd
  manager: conda
  name: python
  optional: false
  platform: linux-64
  url: https://conda.anaconda.org/intel/linux-64/python-3.10.8-h2b77918_2.tar.bz2
  version: 3.10.8
- category: main
  dependencies:
    python: '>=3.10,<3.11.0a0'
  hash:
    md5: d760ff6d9330e2b2097f018d40dce0a2
  manager: conda
  name: certifi
  optional: false
  platform: linux-64
  url: https://conda.anaconda.org/intel/linux-64/certifi-2022.12.7-py310h06a4308_0.tar.bz2
  version: 2022.12.7
- category: main
  dependencies:
    python: '>=3.6'
  hash:
    md5: dfb0ca8055c9a72aaca7b845a6edea17
  manager: conda
  name: cycler
  optional: false
  platform: linux-64
  url: https://conda.anaconda.org/intel/noarch/cycler-0.11.0-pyhd3eb1b0_0.tar.bz2
  version: 0.11.0
- category: main
  dependencies:
    intelpython: '>=2019.0'
    libgcc-ng: '>=11.2.0'
    libstdcxx-ng: '>=11.2.0'
    python: '>=3.10,<3.11.0a0'
  hash:
    md5: 2697776bebfdc3a0918fbe12bb9f42f4
  manager: conda
  name: cython
  optional: false
  platform: linux-64
  url: https://conda.anaconda.org/intel/linux-64/cython-0.29.33-py310ha718fea_0.tar.bz2
  version: 0.29.33
- category: main
  dependencies:
    python: ''
  hash:
    md5: 196e6d48a79b192cdf8a7e489e1ae8f5
  manager: conda
  name: joblib
  optional: false
  platform: linux-64
  url: https://conda.anaconda.org/intel/noarch/joblib-1.2.0-pyh3f38642_0.tar.bz2
  version: 1.2.0
- category: main
  dependencies:
    libgcc-ng: '>=7.5.0'
    libstdcxx-ng: '>=7.5.0'
    python: '>=3.10,<3.11.0a0'
  hash:
    md5: dd78f06c5539e774ae2d302f82961709
  manager: conda
  name: kiwisolver
  optional: false
  platform: linux-64
  url: https://conda.anaconda.org/intel/linux-64/kiwisolver-1.4.2-py310h295c915_0.tar.bz2
  version: 1.4.2
- category: main
  dependencies:
    python: ''
  hash:
    md5: 67857cc5e9044770d2b15f9d94a4521d
  manager: conda
  name: munkres
  optional: false
  platform: linux-64
  url: https://conda.anaconda.org/intel/noarch/munkres-1.1.4-py_0.tar.bz2
  version: 1.1.4
- category: main
  dependencies:
    python: '>=3.10,<3.11.0a0'
  hash:
    md5: b63140e9c01861d01643acde9e2fd0f6
  manager: conda
  name: packaging
  optional: false
  platform: linux-64
  url: https://conda.anaconda.org/intel/linux-64/packaging-23.0-py310h06a4308_0.tar.bz2
  version: '23.0'
- category: main
  dependencies:
    freetype: '>=2.10.4,<3.0a0'
    jpeg: '>=9e,<10a'
    lcms2: '>=2.12,<3.0a0'
    libgcc-ng: '>=11.2.0'
    libstdcxx-ng: '>=11.2.0'
    libtiff: '>=4.2.0,<5.0a0'
    libwebp: '>=1.2.0,<1.3.0a0'
    python: '>=3.10,<3.11.0a0'
    tk: '>=8.6.12,<8.7.0a0'
    zlib: '>=1.2.13,<1.3.0a0'
  hash:
    md5: 8b3af83284248cad7e4632d2d2e66ba7
    sha256: 3f74cb9e4ce8725d9f5a97d5629065d2af83d2ee74f6ef9daf6abe9472721fbd
  manager: conda
  name: pillow
  optional: false
  platform: linux-64
  url: https://repo.anaconda.com/pkgs/main/linux-64/pillow-9.4.0-py310h6a678d5_0.conda
  version: 9.4.0
- category: main
  dependencies:
    python: ''
  hash:
    md5: 7205635cd71531943440fbfe3b6b5727
    sha256: 2cd6fae8f9cbc806b7f828f006ae4a83c23fac917cacfd73c37ce322d4324e53
  manager: conda
  name: ply
  optional: false
  platform: linux-64
  url: https://conda.anaconda.org/conda-forge/noarch/ply-3.11-py_1.tar.bz2
  version: '3.11'
- category: main
  dependencies:
    python: '>=3.7'
  hash:
    md5: d316679235612869eba305aa7d41d9bf
    sha256: 1bddeb54863c77ed5613b535a3e06a3a16b55786301a5e28c9bf011656bda686
  manager: conda
  name: pygments
  optional: false
  platform: linux-64
  url: https://conda.anaconda.org/conda-forge/noarch/pygments-2.15.1-pyhd8ed1ab_0.conda
  version: 2.15.1
- category: main
  dependencies:
    python: '>=3.10,<3.11.0a0'
  hash:
    md5: 683beb480351e058d66b538273fbfb8a
  manager: conda
  name: pyparsing
  optional: false
  platform: linux-64
  url: https://conda.anaconda.org/intel/linux-64/pyparsing-3.0.9-py310h06a4308_0.tar.bz2
  version: 3.0.9
- category: main
  dependencies:
    python: 3.10.*
  hash:
    md5: 9e7160cd0d865e98f6803f1fe15c8b61
    sha256: e7e52aaec7cba6e17e45d731f9d38ede007aea0d72aee66670ab71016f5783ed
  manager: conda
  name: python_abi
  optional: false
  platform: linux-64
  url: https://conda.anaconda.org/conda-forge/linux-64/python_abi-3.10-2_cp310.tar.bz2
  version: '3.10'
- category: main
  dependencies:
    __glibc: '>=2.17,<3.0.a0'
    dbus: '>=1.13.18,<2.0a0'
    expat: '>=2.4.9,<3.0a0'
    fontconfig: '>=2.14.1,<3.0a0'
    freetype: '>=2.10.4,<3.0a0'
    glib: '>=2.69.1,<3.0a0'
    gst-plugins-base: '>=1.14.1,<1.15.0a0'
    gstreamer: '>=1.14.1,<1.15.0a0'
    icu: '>=58.2,<59.0a0'
    jpeg: '>=9e,<10a'
    krb5: '>=1.19.4,<1.20.0a0'
    libclang: '>=14.0.6,<15.0a0'
    libclang13: '>=14.0.6'
    libevent: '>=2.1.12,<2.1.13.0a0'
    libgcc-ng: '>=11.2.0'
    libpng: '>=1.6.39,<1.7.0a0'
    libpq: '>=12.9,<13.0a0'
    libstdcxx-ng: '>=11.2.0'
    libxcb: '>=1.15,<2.0a0'
    libxkbcommon: '>=1.0.1,<2.0a0'
    libxml2: '>=2.10.3,<2.11.0a0'
    nspr: '>=4.33,<5.0a0'
    nss: '>=3.74,<4.0a0'
    openssl: '>=1.1.1t,<1.1.2a'
    sqlite: '>=3.41.1,<4.0a0'
    zlib: '>=1.2.13,<1.3.0a0'
    zstd: '>=1.5.2,<1.6.0a0'
  hash:
    md5: fd275fd09d648f31bfdb27aebb239eeb
    sha256: 3bce5fdacaddf0fe3373ff13bb377f2c280eca243d1a66479951bee75ac81b46
  manager: conda
  name: qt-main
  optional: false
  platform: linux-64
  url: https://repo.anaconda.com/pkgs/main/linux-64/qt-main-5.15.2-h8373d8f_8.conda
  version: 5.15.2
- category: main
  dependencies:
    python: ''
  hash:
    md5: 0a3ab834ba49016e183e715bff48a2b6
  manager: conda
  name: six
  optional: false
  platform: linux-64
  url: https://conda.anaconda.org/intel/noarch/six-1.16.0-pyhd3eb1b0_1.tar.bz2
  version: 1.16.0
- category: main
  dependencies:
    python: 3.10.*
    tbb: 2021.9.0 intel_43484
  hash:
    md5: 3acc20e68c6c146706d8aa611b080231
    sha256: 4b5f059762478d073829a3b5b6e8c62fad0c0e7f8d519cbac99ccc38b2df8857
  manager: conda
  name: tbb4py
  optional: false
  platform: linux-64
  url: https://conda.anaconda.org/intel/linux-64/tbb4py-2021.9.0-py310_intel_43484.tar.bz2
  version: 2021.9.0
- category: main
  dependencies:
    python: '>=3.6'
  hash:
    md5: 9047a4e29044b6c760b5d94f62622f4d
  manager: conda
  name: threadpoolctl
  optional: false
  platform: linux-64
  url: https://conda.anaconda.org/intel/noarch/threadpoolctl-2.2.0-pyh0d69192_0.tar.bz2
  version: 2.2.0
- category: main
  dependencies:
    python: '>=2.7'
  hash:
    md5: f832c45a477c78bebd107098db465095
    sha256: f0f3d697349d6580e4c2f35ba9ce05c65dc34f9f049e85e45da03800b46139c1
  manager: conda
  name: toml
  optional: false
  platform: linux-64
  url: https://conda.anaconda.org/conda-forge/noarch/toml-0.10.2-pyhd8ed1ab_0.tar.bz2
  version: 0.10.2
- category: main
  dependencies:
    python: '>=3.10,<3.11.0a0'
  hash:
    md5: 145e9fb4acd831420d20bc92f094b0b0
  manager: conda
  name: wheel
  optional: false
  platform: linux-64
  url: https://conda.anaconda.org/intel/linux-64/wheel-0.38.4-py310h06a4308_0.tar.bz2
  version: 0.38.4
- category: main
  dependencies:
    brotli: '>=1.0.1'
    munkres: ''
    python: '>=3.6'
  hash:
    md5: 9eff1a842dbda8d1bae9a2c008b599bc
  manager: conda
  name: fonttools
  optional: false
  platform: linux-64
  url: https://conda.anaconda.org/intel/noarch/fonttools-4.25.0-pyhd3eb1b0_0.tar.bz2
  version: 4.25.0
- category: main
  dependencies:
    libgcc-ng: '>=11.2.0'
    mkl: '>=2023.1.0,<2024.0a0'
    python: '>=3.10,<3.11.0a0'
    six: ''
  hash:
    md5: ad6a11873b6264aaec4f5395b9675ce2
  manager: conda
  name: mkl-service
  optional: false
  platform: linux-64
  url: https://conda.anaconda.org/intel/linux-64/mkl-service-2.4.0-py310h75d02e3_15.tar.bz2
  version: 2.4.0
- category: main
  dependencies:
    python: ''
    six: '>=1.5'
  hash:
    md5: 2eb923cc014094f4acf7f849d67d73f8
  manager: conda
  name: python-dateutil
  optional: false
  platform: linux-64
  url: https://conda.anaconda.org/intel/noarch/python-dateutil-2.8.2-pyhd3eb1b0_0.tar.bz2
  version: 2.8.2
- category: main
  dependencies:
    __glibc: '>=2.17,<3.0.a0'
    dbus: '>=1.13.18,<2.0a0'
    expat: '>=2.2.10,<3.0a0'
    fontconfig: '>=2.13.1,<3.0a0'
    freetype: '>=2.10.4,<3.0a0'
    glib: '>=2.69.1,<3.0a0'
    libevent: '>=2.1.12,<2.1.13.0a0'
    libgcc-ng: '>=11.2.0'
    libstdcxx-ng: '>=11.2.0'
    libxcb: '>=1.15,<2.0a0'
    libxkbcommon: '>=1.0.1,<2.0a0'
    libxml2: '>=2.9.14,<2.10.0a0'
    qt-main: '>=5.15.2,<5.16.0a0'
  hash:
    md5: ed674e212597b93fffa1afc90a3e100c
    sha256: ae1c3953ae2cfdf73752c38e0a78d3ee41d74a8689ee897a24f9250067af91db
  manager: conda
  name: qt-webengine
  optional: false
  platform: linux-64
  url: https://repo.anaconda.com/pkgs/main/linux-64/qt-webengine-5.15.9-hd2b0992_4.conda
  version: 5.15.9
- category: main
  dependencies:
    certifi: '>=2016.9.26'
    python: '>=3.10,<3.11.0a0'
  hash:
    md5: 6e786bab0eb3557e1cb9ab5a9ae0002b
  manager: conda
  name: setuptools
  optional: false
  platform: linux-64
  url: https://conda.anaconda.org/intel/linux-64/setuptools-65.6.3-py310h06a4308_0.tar.bz2
  version: 65.6.3
- category: main
  dependencies:
    libgcc-ng: '>=9.4.0'
    libstdcxx-ng: '>=9.4.0'
    packaging: ''
    python: '>=3.10,<3.11.0a0'
    python_abi: 3.10.* *_cp310
    toml: ''
  hash:
    md5: f485cb3efb4c179928a96fb2e02e6f7e
    sha256: e98c7f561aac9245b61eaeb08361498191d5063ad7d611dd3c07042a0b32d573
  manager: conda
  name: sip
  optional: false
  platform: linux-64
  url: https://conda.anaconda.org/conda-forge/linux-64/sip-6.5.1-py310h122e73d_2.tar.bz2
  version: 6.5.1
- category: main
  dependencies:
    libgcc-ng: '>=12'
    python: '>=3.10,<3.11.0a0'
    python_abi: 3.10.* *_cp310
  hash:
    md5: 7c08afb0f02d5673de8e4f6f535663a8
    sha256: b9c3eec0f102b04d893911be6761f13f653d02b12f55fd5a108959903fbac8ab
  manager: conda
  name: tornado
  optional: false
  platform: linux-64
  url: https://conda.anaconda.org/conda-forge/linux-64/tornado-6.3-py310h1fa729e_0.conda
  version: '6.3'
- category: main
  dependencies:
    python: '>=3.10,<3.11.0a0'
    setuptools: ''
    wheel: ''
  hash:
    md5: 95e9e68787b0389b3d57a48fe8de068c
  manager: conda
  name: pip
  optional: false
  platform: linux-64
  url: https://conda.anaconda.org/intel/linux-64/pip-23.0.1-py310h06a4308_0.tar.bz2
  version: 23.0.1
- category: main
  dependencies:
    libgcc-ng: '>=10.3.0'
    libstdcxx-ng: '>=10.3.0'
    packaging: ''
    python: '>=3.10,<3.11.0a0'
    python_abi: 3.10.* *_cp310
    sip: ''
    toml: ''
  hash:
    md5: b524296ac16718d06c0e3389668c27f6
    sha256: 4bba152fbf269fa2ebd097e8f156373337fe4467652ee212c352b4b5726c034b
  manager: conda
  name: pyqt5-sip
  optional: false
  platform: linux-64
  url: https://conda.anaconda.org/conda-forge/linux-64/pyqt5-sip-12.9.0-py310hd8f1fbe_0.tar.bz2
  version: 12.9.0
- category: main
  dependencies:
    __glibc: '>=2.17,<3.0.a0'
    glib: '>=2.69.1,<3.0a0'
    icu: '>=58.2,<59.0a0'
    jpeg: '>=9e,<10a'
    libgcc-ng: '>=11.2.0'
    libpng: '>=1.6.37,<1.7.0a0'
    libstdcxx-ng: '>=11.2.0'
    libwebp: '>=1.2.0,<1.3.0a0'
    libxml2: '>=2.9.14,<2.10.0a0'
    libxslt: '>=1.1.35,<2.0a0'
    qt-main: '>=5.15.2,<5.16.0a0'
    qt-webengine: '>=5.15.9,<5.16.0a0'
    sqlite: '>=3.38.5,<4.0a0'
    zlib: '>=1.2.12,<1.3.0a0'
  hash:
    md5: 7317bbf3f3e66a0a02b07b860783ecff
    sha256: 6a14e6710e9ffe26ce7019ce9713fc12ac14ae051b522a17606595fb5316761c
  manager: conda
  name: qtwebkit
  optional: false
  platform: linux-64
  url: https://repo.anaconda.com/pkgs/main/linux-64/qtwebkit-5.212-h4eab89a_4.conda
  version: '5.212'
- category: main
  dependencies:
    libgcc-ng: '>=10.3.0'
    libstdcxx-ng: '>=10.3.0'
    pyqt5-sip: 12.9.0 py310hd8f1fbe_0
    python: '>=3.10,<3.11.0a0'
    python_abi: 3.10.* *_cp310
    qt-main: '>=5.15.2,<5.16.0a0'
    sip: '>=6.5.1,<6.6.0a0'
  hash:
    md5: 13c89455637a2f2c66c0bd5624eb6d42
    sha256: 2395dffbd51b99177ee7f9bf916009322f8a8c7c641bcbaaaf599a600cead41e
  manager: conda
  name: pyqt
  optional: false
  platform: linux-64
  url: https://conda.anaconda.org/conda-forge/linux-64/pyqt-5.15.4-py310hd8f1fbe_0.tar.bz2
  version: 5.15.4
- category: main
  dependencies:
    libgcc-ng: '>=10.3.0'
    libstdcxx-ng: '>=10.3.0'
    numpy: '>=1.16'
    python: '>=3.10,<3.11.0a0'
    python_abi: 3.10.* *_cp310
  hash:
    md5: ae012a061fd39bfc01e4956550431f4b
    sha256: e360171655727b8de255b5d180470ee76e2f602fb3e231e3d4cf77bea0664146
  manager: conda
  name: contourpy
  optional: false
  platform: linux-64
  url: https://conda.anaconda.org/conda-forge/linux-64/contourpy-1.0.2-py310hbf28c38_2.tar.bz2
  version: 1.0.2
- category: main
  dependencies:
    icc_rt: 2023.1.*
    intel-cmplr-lib-rt: 2023.1.0 intel_46305
    intel-cmplr-lic-rt: 2023.1.0 intel_46305
    intel-opencl-rt: 2023.1.0 intel_46305
    intel-openmp: 2023.1.0 intel_46305
  hash:
    md5: 059b9409695b543dcf2755b967dc397f
    sha256: c79d77b5faf00f42ba7ddd9ffef74eda95ffdd0d857501a09409868d0ddcd999
  manager: conda
  name: dpcpp-cpp-rt
  optional: false
  platform: linux-64
  url: https://conda.anaconda.org/intel/linux-64/dpcpp-cpp-rt-2023.1.0-intel_46305.tar.bz2
  version: 2023.1.0
- category: main
  dependencies:
    dpcpp-cpp-rt: '>=2021.3.0'
  hash:
    md5: 4813f48a2b962928043654e13808d25b
    sha256: 9c7578e962cd8c8c3b4cf294024bf13e2030b662a99c6a659408800b5290d063
  manager: conda
  name: dpcpp_cpp_rt
  optional: false
  platform: linux-64
  url: https://conda.anaconda.org/intel/linux-64/dpcpp_cpp_rt-2023.1.0-intel_46305.tar.bz2
  version: 2023.1.0
- category: main
  dependencies:
    dpcpp-cpp-rt: 2023.*
  hash:
    md5: 4edc490ab3018b2ff68fc74db1961535
    sha256: f2d0f514237a2dbe74221a9c666a7ccc00a1e5a021eea7e8d7aef92857785682
  manager: conda
  name: icc_rt
  optional: false
  platform: linux-64
  url: https://conda.anaconda.org/intel/linux-64/icc_rt-2023.1.0-intel_46305.tar.bz2
  version: 2023.1.0
- category: main
  dependencies:
    dpcpp_cpp_rt: ''
    intelpython: '>=2019.0'
    libgcc-ng: '>=11.2.0'
    libstdcxx-ng: '>=11.2.0'
    mkl: '>=2023.0.0,<2024.0a0'
    mkl-service: '>=2.3.0'
    python: '>=3.10,<3.11.0a0'
    tbb4py: ''
  hash:
    md5: b6945e72cfd43bc3af09833fdc121a2f
  manager: conda
  name: numpy-base
  optional: false
  platform: linux-64
  url: https://conda.anaconda.org/intel/linux-64/numpy-base-1.22.3-py310h45c9ace_5.tar.bz2
  version: 1.22.3
- category: main
  dependencies:
    dpcpp_cpp_rt: ''
    intelpython: '>=2019.0'
    libgcc-ng: '>=11.2.0'
    mkl: '>=2023.0.0,<2024.0a0'
    numpy-base: '>=1.22.3,<1.23.0a0'
    python: '>=3.10,<3.11.0a0'
  hash:
    md5: 795937b6d16b90110a123966ea91c786
  manager: conda
  name: mkl_fft
  optional: false
  platform: linux-64
  url: https://conda.anaconda.org/intel/linux-64/mkl_fft-1.3.1-py310hcab1719_22.tar.bz2
  version: 1.3.1
- category: main
  dependencies:
    dpcpp_cpp_rt: ''
    intelpython: '>=2019.0'
    libgcc-ng: '>=11.2.0'
    mkl: '>=2023.0.0,<2024.0a0'
    numpy-base: '>=1.22.3,<1.23.0a0'
    python: '>=3.10,<3.11.0a0'
  hash:
    md5: 3eec722333d8c9ba19cffc12cecd98ff
  manager: conda
  name: mkl_random
  optional: false
  platform: linux-64
  url: https://conda.anaconda.org/intel/linux-64/mkl_random-1.2.2-py310hbf47bc3_22.tar.bz2
  version: 1.2.2
- category: main
  dependencies:
    dpcpp_cpp_rt: ''
    intelpython: '>=2019.0'
    libgcc-ng: '>=11.2.0'
    mkl: '>=2023.0.0,<2024.0a0'
    numpy-base: '>=1.22.3,<1.23.0a0'
    python: '>=3.10,<3.11.0a0'
  hash:
    md5: 5d1607d581bdca9e9ec561807e85d91d
  manager: conda
  name: mkl_umath
  optional: false
  platform: linux-64
  url: https://conda.anaconda.org/intel/linux-64/mkl_umath-0.1.1-py310hf66a691_32.tar.bz2
  version: 0.1.1
- category: main
  dependencies:
    intelpython: '>=2019.0'
    mkl_fft: '>=1.3.1,<2.0a0'
    mkl_random: '>=1.2.2,<2.0a0'
    mkl_umath: '>=0.1.1,<1.0a0'
    numpy-base: 1.22.3 py310h45c9ace_5
    python: '>=3.10,<3.11.0a0'
  hash:
    md5: 4d0caa9e0fe8b2ebc3018319aa04e405
  manager: conda
  name: numpy
  optional: false
  platform: linux-64
  url: https://conda.anaconda.org/intel/linux-64/numpy-1.22.3-py310hf0956d0_5.tar.bz2
  version: 1.22.3
- category: main
  dependencies:
    contourpy: '>=1.0.1'
    cycler: '>=0.10'
    fonttools: '>=4.22.0'
    freetype: '>=2.10.4,<3.0a0'
    kiwisolver: '>=1.0.1'
    libgcc-ng: '>=11.2.0'
    libstdcxx-ng: '>=11.2.0'
    numpy: '>=1.21.5,<2.0a0'
    packaging: '>=20.0'
    pillow: '>=6.2.0'
    pyparsing: '>=2.3.1'
    python: '>=3.10,<3.11.0a0'
    python-dateutil: '>=2.7'
    tk: '>=8.6.12,<8.7.0a0'
  hash:
    md5: df99f74e469bcd02a2d10c0b67c1f5f5
    sha256: d7af83b5e4a47b0d0845df1e2eddc233a27ce25e022d5427037bd2c79ac26637
  manager: conda
  name: matplotlib-base
  optional: false
  platform: linux-64
  url: https://repo.anaconda.com/pkgs/main/linux-64/matplotlib-base-3.7.1-py310h1128e8f_1.conda
  version: 3.7.1
- category: main
  dependencies:
    dpcpp_cpp_rt: ''
    fortran_rt: ''
    intelpython: '>=2019.0'
    libgcc-ng: '>=11.2.0'
    libgfortran-ng: ''
    libgfortran5: '>=11.2.0'
    libstdcxx-ng: '>=11.2.0'
    mkl: '>=2023.1.0,<2024.0a0'
    mkl_fft: ''
    numpy: '>=1.19.5,<2.0a0'
    python: '>=3.10,<3.11.0a0'
  hash:
    md5: 8ed2a9257547910f17eb36cce71e1ee1
  manager: conda
  name: scipy
  optional: false
  platform: linux-64
  url: https://conda.anaconda.org/intel/linux-64/scipy-1.7.3-py310h77d8492_8.tar.bz2
  version: 1.7.3
- category: main
  dependencies:
    matplotlib-base: '>=3.7.1,<3.7.2.0a0'
    pyqt: '>=5.10'
    python: '>=3.10,<3.11.0a0'
    python_abi: 3.10.* *_cp310
    tornado: '>=5'
  hash:
    md5: c2b60c44d38d32779006a15c2581f0d1
    sha256: afa2e34dadad3e403e262b554f8e3e518f0ceb516711bf594f2693d4c7d6ac31
  manager: conda
  name: matplotlib
  optional: false
  platform: linux-64
  url: https://conda.anaconda.org/conda-forge/linux-64/matplotlib-3.7.1-py310hff52083_0.conda
  version: 3.7.1
- category: main
  dependencies:
    _openmp_mutex: ''
    joblib: '>=1.1.1'
    libgcc-ng: '>=11.2.0'
    libstdcxx-ng: '>=11.2.0'
    numpy: '>=1.21.5,<2.0a0'
    python: '>=3.10,<3.11.0a0'
    scipy: '>=1.3.2'
    threadpoolctl: '>=2.0.0'
  hash:
    md5: 36b15a9e866fea9a5bf7d8a585361c77
  manager: conda
  name: scikit-learn
  optional: false
  platform: linux-64
  url: https://conda.anaconda.org/intel/linux-64/scikit-learn-1.2.1-py310h6a678d5_0.tar.bz2
  version: 1.2.1
version: 1
