{
  "nodes": {
    "maipkgs": {
      "inputs": {
        "nixpkgs": "nixpkgs"
      },
      "locked": {
        "lastModified": 1736328935,
        "narHash": "sha256-bY6C/F39CGwxb5hlfpcKiHrq9kudT+vLOGGXI7QWOIU=",
        "owner": "stephen-huan",
        "repo": "maipkgs",
        "rev": "b6d8d06b28e349f235316d7faa812a6dc70da748",
        "type": "github"
      },
      "original": {
        "owner": "stephen-huan",
        "repo": "maipkgs",
        "type": "github"
      }
    },
    "nixpkgs": {
      "locked": {
        "lastModified": 1734649271,
        "narHash": "sha256-4EVBRhOjMDuGtMaofAIqzJbg4Ql7Ai0PSeuVZTHjyKQ=",
        "owner": "nixos",
        "repo": "nixpkgs",
        "rev": "d70bd19e0a38ad4790d3913bf08fcbfc9eeca507",
        "type": "github"
      },
      "original": {
        "owner": "nixos",
        "ref": "nixos-unstable",
        "repo": "nixpkgs",
        "type": "github"
      }
    },
    "root": {
      "inputs": {
        "maipkgs": "maipkgs",
        "nixpkgs": [
          "maipkgs",
          "nixpkgs"
        ]
      }
    }
  },
  "root": "root",
  "version": 7
}
