{
  "nodes": {
    "maipkgs": {
      "inputs": {
        "nixpkgs": "nixpkgs"
      },
      "locked": {
        "lastModified": 1762085726,
        "narHash": "sha256-icZ35Md8dGy//ysvsHuOW50nrvZdPyjvNonvWBfD0dA=",
        "owner": "stephen-huan",
        "repo": "maipkgs",
        "rev": "f92f561ddbcc26be12e97fab538fc3ca47d15c60",
        "type": "github"
      },
      "original": {
        "owner": "stephen-huan",
        "repo": "maipkgs",
        "type": "github"
      }
    },
    "nixpkgs": {
      "locked": {
        "lastModified": 1759381078,
        "narHash": "sha256-gTrEEp5gEspIcCOx9PD8kMaF1iEmfBcTbO0Jag2QhQs=",
        "owner": "nixos",
        "repo": "nixpkgs",
        "rev": "7df7ff7d8e00218376575f0acdcc5d66741351ee",
        "type": "github"
      },
      "original": {
        "owner": "nixos",
        "ref": "nixos-unstable",
        "repo": "nixpkgs",
        "type": "github"
      }
    },
    "root": {
      "inputs": {
        "maipkgs": "maipkgs",
        "nixpkgs": [
          "maipkgs",
          "nixpkgs"
        ]
      }
    }
  },
  "root": "root",
  "version": 7
}
